
Microsoft Visual Studio Solution File, Format Version 12.00
# Visual Studio Version 16
VisualStudioVersion = 16.0.29102.190
MinimumVisualStudioVersion = 10.0.40219.1
Project("{8BC9CEB8-8B4A-11D0-8D11-00A0C91BC942}") = "Algorithm Trouble Solving Strategy", "Algorithm Trouble Solving Strategy\Algorithm Trouble Solving Strategy.vcxproj", "{AAF61AF3-C97E-44FC-A976-A939D2CF686A}"
EndProject
Global
	GlobalSection(SolutionConfigurationPlatforms) = preSolution
		Debug|x64 = Debug|x64
		Debug|x86 = Debug|x86
		Release|x64 = Release|x64
		Release|x86 = Release|x86
	EndGlobalSection
	GlobalSection(ProjectConfigurationPlatforms) = postSolution
		{AAF61AF3-C97E-44FC-A976-A939D2CF686A}.Debug|x64.ActiveCfg = Debug|x64
		{AAF61AF3-C97E-44FC-A976-A939D2CF686A}.Debug|x64.Build.0 = Debug|x64
		{AAF61AF3-C97E-44FC-A976-A939D2CF686A}.Debug|x86.ActiveCfg = Debug|Win32
		{AAF61AF3-C97E-44FC-A976-A939D2CF686A}.Debug|x86.Build.0 = Debug|Win32
		{AAF61AF3-C97E-44FC-A976-A939D2CF686A}.Release|x64.ActiveCfg = Release|x64
		{AAF61AF3-C97E-44FC-A976-A939D2CF686A}.Release|x64.Build.0 = Release|x64
		{AAF61AF3-C97E-44FC-A976-A939D2CF686A}.Release|x86.ActiveCfg = Release|Win32
		{AAF61AF3-C97E-44FC-A976-A939D2CF686A}.Release|x86.Build.0 = Release|Win32
	EndGlobalSection
	GlobalSection(SolutionProperties) = preSolution
		HideSolutionNode = FALSE
	EndGlobalSection
	GlobalSection(ExtensibilityGlobals) = postSolution
		SolutionGuid = {B18CA415-4C79-4677-87EB-30C5755B676C}
	EndGlobalSection
EndGlobal
